
Microsoft Visual Studio Solution File, Format Version 12.00
# Visual Studio Version 17
VisualStudioVersion = 17.2.32526.322
MinimumVisualStudioVersion = 10.0.40219.1
Project("{9A19103F-16F7-4668-BE54-9A1E7A4F7556}") = "Ch01", "Ch01\Ch01.csproj", "{90B9E05E-190A-4EF0-A84C-278EDF29EB6A}"
EndProject
Project("{9A19103F-16F7-4668-BE54-9A1E7A4F7556}") = "Book", "Book\Book.csproj", "{C0EBDF86-FDC3-4EB4-8A37-AF8B27BDCBA8}"
EndProject
Project("{9A19103F-16F7-4668-BE54-9A1E7A4F7556}") = "Ch02", "Ch02\Ch02.csproj", "{F9ACE8E4-46ED-428E-A8EE-83E07A9620F1}"
EndProject
Project("{9A19103F-16F7-4668-BE54-9A1E7A4F7556}") = "Ch03", "Ch03\Ch03.csproj", "{DF9E447A-6442-4D76-8B00-9E00329DFB4B}"
EndProject
Project("{9A19103F-16F7-4668-BE54-9A1E7A4F7556}") = "Ch04", "Ch04\Ch04.csproj", "{7B2ADD14-5233-44F2-BED0-FA6AC14B8807}"
EndProject
Project("{9A19103F-16F7-4668-BE54-9A1E7A4F7556}") = "Ch05", "Ch05\Ch05.csproj", "{819B7CF1-80C3-4185-ACF3-2CB0CC97586E}"
EndProject
Project("{9A19103F-16F7-4668-BE54-9A1E7A4F7556}") = "Test", "Test\Test.csproj", "{A8C0BE3F-22C4-4DF9-A26E-9B17C76DE745}"
EndProject
Global
	GlobalSection(SolutionConfigurationPlatforms) = preSolution
		Debug|Any CPU = Debug|Any CPU
		Release|Any CPU = Release|Any CPU
	EndGlobalSection
	GlobalSection(ProjectConfigurationPlatforms) = postSolution
		{90B9E05E-190A-4EF0-A84C-278EDF29EB6A}.Debug|Any CPU.ActiveCfg = Debug|Any CPU
		{90B9E05E-190A-4EF0-A84C-278EDF29EB6A}.Debug|Any CPU.Build.0 = Debug|Any CPU
		{90B9E05E-190A-4EF0-A84C-278EDF29EB6A}.Release|Any CPU.ActiveCfg = Release|Any CPU
		{90B9E05E-190A-4EF0-A84C-278EDF29EB6A}.Release|Any CPU.Build.0 = Release|Any CPU
		{C0EBDF86-FDC3-4EB4-8A37-AF8B27BDCBA8}.Debug|Any CPU.ActiveCfg = Debug|Any CPU
		{C0EBDF86-FDC3-4EB4-8A37-AF8B27BDCBA8}.Debug|Any CPU.Build.0 = Debug|Any CPU
		{C0EBDF86-FDC3-4EB4-8A37-AF8B27BDCBA8}.Release|Any CPU.ActiveCfg = Release|Any CPU
		{C0EBDF86-FDC3-4EB4-8A37-AF8B27BDCBA8}.Release|Any CPU.Build.0 = Release|Any CPU
		{F9ACE8E4-46ED-428E-A8EE-83E07A9620F1}.Debug|Any CPU.ActiveCfg = Debug|Any CPU
		{F9ACE8E4-46ED-428E-A8EE-83E07A9620F1}.Debug|Any CPU.Build.0 = Debug|Any CPU
		{F9ACE8E4-46ED-428E-A8EE-83E07A9620F1}.Release|Any CPU.ActiveCfg = Release|Any CPU
		{F9ACE8E4-46ED-428E-A8EE-83E07A9620F1}.Release|Any CPU.Build.0 = Release|Any CPU
		{DF9E447A-6442-4D76-8B00-9E00329DFB4B}.Debug|Any CPU.ActiveCfg = Debug|Any CPU
		{DF9E447A-6442-4D76-8B00-9E00329DFB4B}.Debug|Any CPU.Build.0 = Debug|Any CPU
		{DF9E447A-6442-4D76-8B00-9E00329DFB4B}.Release|Any CPU.ActiveCfg = Release|Any CPU
		{DF9E447A-6442-4D76-8B00-9E00329DFB4B}.Release|Any CPU.Build.0 = Release|Any CPU
		{7B2ADD14-5233-44F2-BED0-FA6AC14B8807}.Debug|Any CPU.ActiveCfg = Debug|Any CPU
		{7B2ADD14-5233-44F2-BED0-FA6AC14B8807}.Debug|Any CPU.Build.0 = Debug|Any CPU
		{7B2ADD14-5233-44F2-BED0-FA6AC14B8807}.Release|Any CPU.ActiveCfg = Release|Any CPU
		{7B2ADD14-5233-44F2-BED0-FA6AC14B8807}.Release|Any CPU.Build.0 = Release|Any CPU
		{819B7CF1-80C3-4185-ACF3-2CB0CC97586E}.Debug|Any CPU.ActiveCfg = Debug|Any CPU
		{819B7CF1-80C3-4185-ACF3-2CB0CC97586E}.Debug|Any CPU.Build.0 = Debug|Any CPU
		{819B7CF1-80C3-4185-ACF3-2CB0CC97586E}.Release|Any CPU.ActiveCfg = Release|Any CPU
		{819B7CF1-80C3-4185-ACF3-2CB0CC97586E}.Release|Any CPU.Build.0 = Release|Any CPU
		{A8C0BE3F-22C4-4DF9-A26E-9B17C76DE745}.Debug|Any CPU.ActiveCfg = Debug|Any CPU
		{A8C0BE3F-22C4-4DF9-A26E-9B17C76DE745}.Debug|Any CPU.Build.0 = Debug|Any CPU
		{A8C0BE3F-22C4-4DF9-A26E-9B17C76DE745}.Release|Any CPU.ActiveCfg = Release|Any CPU
		{A8C0BE3F-22C4-4DF9-A26E-9B17C76DE745}.Release|Any CPU.Build.0 = Release|Any CPU
	EndGlobalSection
	GlobalSection(SolutionProperties) = preSolution
		HideSolutionNode = FALSE
	EndGlobalSection
	GlobalSection(ExtensibilityGlobals) = postSolution
		SolutionGuid = {7509C1E9-5EA7-4563-BEB3-3BBA25801D89}
	EndGlobalSection
EndGlobal
